// !$*UTF8*$!
{
	archiveVersion = 1;
	classes = {
	};
	objectVersion = 50;
	objects = {

/* Begin PBXBuildFile section */
		1E30E23626BBD20400A00763 /* AppDelegate.swift in Sources */ = {isa = PBXBuildFile; fileRef = 1E30E23526BBD20400A00763 /* AppDelegate.swift */; };
		1E30E23826BBD20400A00763 /* SceneDelegate.swift in Sources */ = {isa = PBXBuildFile; fileRef = 1E30E23726BBD20400A00763 /* SceneDelegate.swift */; };
		1E30E23D26BBD20400A00763 /* Main.storyboard in Resources */ = {isa = PBXBuildFile; fileRef = 1E30E23B26BBD20400A00763 /* Main.storyboard */; };
		1E30E23F26BBD20C00A00763 /* Assets.xcassets in Resources */ = {isa = PBXBuildFile; fileRef = 1E30E23E26BBD20C00A00763 /* Assets.xcassets */; };
		1E30E24226BBD20C00A00763 /* LaunchScreen.storyboard in Resources */ = {isa = PBXBuildFile; fileRef = 1E30E24026BBD20C00A00763 /* LaunchScreen.storyboard */; };
		1E30E24B26BBDF9800A00763 /* HomeViewController.swift in Sources */ = {isa = PBXBuildFile; fileRef = 1E30E24A26BBDF9800A00763 /* HomeViewController.swift */; };
		1E30E24E26BBDFE100A00763 /* LocationViewController.swift in Sources */ = {isa = PBXBuildFile; fileRef = 1E30E24D26BBDFE100A00763 /* LocationViewController.swift */; };
		1E30E25126BBDFFB00A00763 /* WeatherViewController.swift in Sources */ = {isa = PBXBuildFile; fileRef = 1E30E25026BBDFFB00A00763 /* WeatherViewController.swift */; };
		1E30E25A26BBE05400A00763 /* HomeViewModel.swift in Sources */ = {isa = PBXBuildFile; fileRef = 1E30E25926BBE05400A00763 /* HomeViewModel.swift */; };
		1E30E25F26BBE06D00A00763 /* LocationViewModel.swift in Sources */ = {isa = PBXBuildFile; fileRef = 1E30E25E26BBE06D00A00763 /* LocationViewModel.swift */; };
		1E30E26226BBE08500A00763 /* WeatherViewModel.swift in Sources */ = {isa = PBXBuildFile; fileRef = 1E30E26126BBE08500A00763 /* WeatherViewModel.swift */; };
		1E30E26526BBE0BA00A00763 /* DefaultCell.swift in Sources */ = {isa = PBXBuildFile; fileRef = 1E30E26426BBE0BA00A00763 /* DefaultCell.swift */; };
		1E30E26826BBE22F00A00763 /* Bookmark.swift in Sources */ = {isa = PBXBuildFile; fileRef = 1E30E26726BBE22F00A00763 /* Bookmark.swift */; };
		1E30E26E26BBFB4D00A00763 /* BookmarkManager.swift in Sources */ = {isa = PBXBuildFile; fileRef = 1E30E26D26BBFB4D00A00763 /* BookmarkManager.swift */; };
		1E30E27126BC6B6B00A00763 /* DefaultCellViewModel.swift in Sources */ = {isa = PBXBuildFile; fileRef = 1E30E27026BC6B6A00A00763 /* DefaultCellViewModel.swift */; };
		1E30E27526BC6C2100A00763 /* BookmarkCell.swift in Sources */ = {isa = PBXBuildFile; fileRef = 1E30E27426BC6C2100A00763 /* BookmarkCell.swift */; };
		1E30E27826BC6C5100A00763 /* BookmarkCellViewModel.swift in Sources */ = {isa = PBXBuildFile; fileRef = 1E30E27726BC6C5100A00763 /* BookmarkCellViewModel.swift */; };
		1EAD877E26BE718B007D0C27 /* LocationService.swift in Sources */ = {isa = PBXBuildFile; fileRef = 1EAD877D26BE718B007D0C27 /* LocationService.swift */; };
		1EAD878326BE77D6007D0C27 /* WeatherModel.swift in Sources */ = {isa = PBXBuildFile; fileRef = 1EAD878226BE77D6007D0C27 /* WeatherModel.swift */; };
		1EAD878726C037ED007D0C27 /* HelpViewController.swift in Sources */ = {isa = PBXBuildFile; fileRef = 1EAD878626C037ED007D0C27 /* HelpViewController.swift */; };
		1EAD878B26C039BE007D0C27 /* Help.pdf in Resources */ = {isa = PBXBuildFile; fileRef = 1EAD878A26C039BE007D0C27 /* Help.pdf */; };
/* End PBXBuildFile section */

/* Begin PBXFileReference section */
		1E30E23226BBD20400A00763 /* OpenWeatherDemo.app */ = {isa = PBXFileReference; explicitFileType = wrapper.application; includeInIndex = 0; path = OpenWeatherDemo.app; sourceTree = BUILT_PRODUCTS_DIR; };
		1E30E23526BBD20400A00763 /* AppDelegate.swift */ = {isa = PBXFileReference; lastKnownFileType = sourcecode.swift; path = AppDelegate.swift; sourceTree = "<group>"; };
		1E30E23726BBD20400A00763 /* SceneDelegate.swift */ = {isa = PBXFileReference; lastKnownFileType = sourcecode.swift; path = SceneDelegate.swift; sourceTree = "<group>"; };
		1E30E23C26BBD20400A00763 /* Base */ = {isa = PBXFileReference; lastKnownFileType = file.storyboard; name = Base; path = Base.lproj/Main.storyboard; sourceTree = "<group>"; };
		1E30E23E26BBD20C00A00763 /* Assets.xcassets */ = {isa = PBXFileReference; lastKnownFileType = folder.assetcatalog; path = Assets.xcassets; sourceTree = "<group>"; };
		1E30E24126BBD20C00A00763 /* Base */ = {isa = PBXFileReference; lastKnownFileType = file.storyboard; name = Base; path = Base.lproj/LaunchScreen.storyboard; sourceTree = "<group>"; };
		1E30E24326BBD20C00A00763 /* Info.plist */ = {isa = PBXFileReference; lastKnownFileType = text.plist.xml; path = Info.plist; sourceTree = "<group>"; };
		1E30E24A26BBDF9800A00763 /* HomeViewController.swift */ = {isa = PBXFileReference; lastKnownFileType = sourcecode.swift; path = HomeViewController.swift; sourceTree = "<group>"; };
		1E30E24D26BBDFE100A00763 /* LocationViewController.swift */ = {isa = PBXFileReference; lastKnownFileType = sourcecode.swift; path = LocationViewController.swift; sourceTree = "<group>"; };
		1E30E25026BBDFFB00A00763 /* WeatherViewController.swift */ = {isa = PBXFileReference; lastKnownFileType = sourcecode.swift; path = WeatherViewController.swift; sourceTree = "<group>"; };
		1E30E25926BBE05400A00763 /* HomeViewModel.swift */ = {isa = PBXFileReference; lastKnownFileType = sourcecode.swift; path = HomeViewModel.swift; sourceTree = "<group>"; };
		1E30E25E26BBE06D00A00763 /* LocationViewModel.swift */ = {isa = PBXFileReference; lastKnownFileType = sourcecode.swift; path = LocationViewModel.swift; sourceTree = "<group>"; };
		1E30E26126BBE08500A00763 /* WeatherViewModel.swift */ = {isa = PBXFileReference; lastKnownFileType = sourcecode.swift; path = WeatherViewModel.swift; sourceTree = "<group>"; };
		1E30E26426BBE0BA00A00763 /* DefaultCell.swift */ = {isa = PBXFileReference; lastKnownFileType = sourcecode.swift; path = DefaultCell.swift; sourceTree = "<group>"; };
		1E30E26726BBE22F00A00763 /* Bookmark.swift */ = {isa = PBXFileReference; lastKnownFileType = sourcecode.swift; path = Bookmark.swift; sourceTree = "<group>"; };
		1E30E26D26BBFB4D00A00763 /* BookmarkManager.swift */ = {isa = PBXFileReference; lastKnownFileType = sourcecode.swift; path = BookmarkManager.swift; sourceTree = "<group>"; };
		1E30E27026BC6B6A00A00763 /* DefaultCellViewModel.swift */ = {isa = PBXFileReference; lastKnownFileType = sourcecode.swift; path = DefaultCellViewModel.swift; sourceTree = "<group>"; };
		1E30E27426BC6C2100A00763 /* BookmarkCell.swift */ = {isa = PBXFileReference; lastKnownFileType = sourcecode.swift; path = BookmarkCell.swift; sourceTree = "<group>"; };
		1E30E27726BC6C5100A00763 /* BookmarkCellViewModel.swift */ = {isa = PBXFileReference; lastKnownFileType = sourcecode.swift; path = BookmarkCellViewModel.swift; sourceTree = "<group>"; };
		1EAD877D26BE718B007D0C27 /* LocationService.swift */ = {isa = PBXFileReference; lastKnownFileType = sourcecode.swift; path = LocationService.swift; sourceTree = "<group>"; };
		1EAD878226BE77D6007D0C27 /* WeatherModel.swift */ = {isa = PBXFileReference; lastKnownFileType = sourcecode.swift; path = WeatherModel.swift; sourceTree = "<group>"; };
		1EAD878626C037ED007D0C27 /* HelpViewController.swift */ = {isa = PBXFileReference; lastKnownFileType = sourcecode.swift; path = HelpViewController.swift; sourceTree = "<group>"; };
		1EAD878A26C039BE007D0C27 /* Help.pdf */ = {isa = PBXFileReference; lastKnownFileType = image.pdf; path = Help.pdf; sourceTree = "<group>"; };
/* End PBXFileReference section */

/* Begin PBXFrameworksBuildPhase section */
		1E30E22F26BBD20400A00763 /* Frameworks */ = {
			isa = PBXFrameworksBuildPhase;
			buildActionMask = 2147483647;
			files = (
			);
			runOnlyForDeploymentPostprocessing = 0;
		};
/* End PBXFrameworksBuildPhase section */

/* Begin PBXGroup section */
		1E30E22926BBD20400A00763 = {
			isa = PBXGroup;
			children = (
				1E30E23426BBD20400A00763 /* OpenWeatherDemo */,
				1E30E23326BBD20400A00763 /* Products */,
			);
			sourceTree = "<group>";
		};
		1E30E23326BBD20400A00763 /* Products */ = {
			isa = PBXGroup;
			children = (
				1E30E23226BBD20400A00763 /* OpenWeatherDemo.app */,
			);
			name = Products;
			sourceTree = "<group>";
		};
		1E30E23426BBD20400A00763 /* OpenWeatherDemo */ = {
			isa = PBXGroup;
			children = (
				1E30E23526BBD20400A00763 /* AppDelegate.swift */,
				1E30E23726BBD20400A00763 /* SceneDelegate.swift */,
				1EAD878926C039B4007D0C27 /* Resources */,
				1EAD877B26BE716A007D0C27 /* Services */,
				1E30E26B26BBE24A00A00763 /* Model */,
				1E30E25C26BBE05A00A00763 /* ViewModel */,
				1E30E25426BBE00E00A00763 /* View */,
				1E30E24026BBD20C00A00763 /* LaunchScreen.storyboard */,
				1E30E24326BBD20C00A00763 /* Info.plist */,
			);
			path = OpenWeatherDemo;
			sourceTree = "<group>";
		};
		1E30E25426BBE00E00A00763 /* View */ = {
			isa = PBXGroup;
			children = (
				1E30E25826BBE02B00A00763 /* Cell */,
				1E30E25626BBE01D00A00763 /* Controller */,
				1EAD878E26C039DF007D0C27 /* Storyboard */,
			);
			path = View;
			sourceTree = "<group>";
		};
		1E30E25626BBE01D00A00763 /* Controller */ = {
			isa = PBXGroup;
			children = (
				1E30E24A26BBDF9800A00763 /* HomeViewController.swift */,
				1E30E24D26BBDFE100A00763 /* LocationViewController.swift */,
				1E30E25026BBDFFB00A00763 /* WeatherViewController.swift */,
				1EAD878626C037ED007D0C27 /* HelpViewController.swift */,
			);
			path = Controller;
			sourceTree = "<group>";
		};
		1E30E25826BBE02B00A00763 /* Cell */ = {
			isa = PBXGroup;
			children = (
				1E30E26426BBE0BA00A00763 /* DefaultCell.swift */,
				1E30E27426BC6C2100A00763 /* BookmarkCell.swift */,
			);
			path = Cell;
			sourceTree = "<group>";
		};
		1E30E25C26BBE05A00A00763 /* ViewModel */ = {
			isa = PBXGroup;
			children = (
				1EAD879226C0480A007D0C27 /* ControllerViewModel */,
				1EAD879026C047FC007D0C27 /* CellViewModel */,
			);
			path = ViewModel;
			sourceTree = "<group>";
		};
		1E30E26B26BBE24A00A00763 /* Model */ = {
			isa = PBXGroup;
			children = (
				1E30E26726BBE22F00A00763 /* Bookmark.swift */,
				1EAD878226BE77D6007D0C27 /* WeatherModel.swift */,
			);
			path = Model;
			sourceTree = "<group>";
		};
		1EAD877B26BE716A007D0C27 /* Services */ = {
			isa = PBXGroup;
			children = (
				1E30E26D26BBFB4D00A00763 /* BookmarkManager.swift */,
				1EAD877D26BE718B007D0C27 /* LocationService.swift */,
			);
			path = Services;
			sourceTree = "<group>";
		};
		1EAD878926C039B4007D0C27 /* Resources */ = {
			isa = PBXGroup;
			children = (
				1EAD878A26C039BE007D0C27 /* Help.pdf */,
				1E30E23E26BBD20C00A00763 /* Assets.xcassets */,
			);
			path = Resources;
			sourceTree = "<group>";
		};
		1EAD878E26C039DF007D0C27 /* Storyboard */ = {
			isa = PBXGroup;
			children = (
				1E30E23B26BBD20400A00763 /* Main.storyboard */,
			);
			path = Storyboard;
			sourceTree = "<group>";
		};
		1EAD879026C047FC007D0C27 /* CellViewModel */ = {
			isa = PBXGroup;
			children = (
				1E30E27026BC6B6A00A00763 /* DefaultCellViewModel.swift */,
				1E30E27726BC6C5100A00763 /* BookmarkCellViewModel.swift */,
			);
			path = CellViewModel;
			sourceTree = "<group>";
		};
		1EAD879226C0480A007D0C27 /* ControllerViewModel */ = {
			isa = PBXGroup;
			children = (
				1E30E25926BBE05400A00763 /* HomeViewModel.swift */,
				1E30E25E26BBE06D00A00763 /* LocationViewModel.swift */,
				1E30E26126BBE08500A00763 /* WeatherViewModel.swift */,
			);
			path = ControllerViewModel;
			sourceTree = "<group>";
		};
/* End PBXGroup section */

/* Begin PBXNativeTarget section */
		1E30E23126BBD20400A00763 /* OpenWeatherDemo */ = {
			isa = PBXNativeTarget;
			buildConfigurationList = 1E30E24626BBD20C00A00763 /* Build configuration list for PBXNativeTarget "OpenWeatherDemo" */;
			buildPhases = (
				1E30E22E26BBD20400A00763 /* Sources */,
				1E30E22F26BBD20400A00763 /* Frameworks */,
				1E30E23026BBD20400A00763 /* Resources */,
			);
			buildRules = (
			);
			dependencies = (
			);
			name = OpenWeatherDemo;
			productName = OpenWeatherDemo;
			productReference = 1E30E23226BBD20400A00763 /* OpenWeatherDemo.app */;
			productType = "com.apple.product-type.application";
		};
/* End PBXNativeTarget section */

/* Begin PBXProject section */
		1E30E22A26BBD20400A00763 /* Project object */ = {
			isa = PBXProject;
			attributes = {
				LastSwiftUpdateCheck = 1240;
				LastUpgradeCheck = 1240;
				TargetAttributes = {
					1E30E23126BBD20400A00763 = {
						CreatedOnToolsVersion = 12.4;
					};
				};
			};
			buildConfigurationList = 1E30E22D26BBD20400A00763 /* Build configuration list for PBXProject "OpenWeatherDemo" */;
			compatibilityVersion = "Xcode 9.3";
			developmentRegion = en;
			hasScannedForEncodings = 0;
			knownRegions = (
				en,
				Base,
			);
			mainGroup = 1E30E22926BBD20400A00763;
			productRefGroup = 1E30E23326BBD20400A00763 /* Products */;
			projectDirPath = "";
			projectRoot = "";
			targets = (
				1E30E23126BBD20400A00763 /* OpenWeatherDemo */,
			);
		};
/* End PBXProject section */

/* Begin PBXResourcesBuildPhase section */
		1E30E23026BBD20400A00763 /* Resources */ = {
			isa = PBXResourcesBuildPhase;
			buildActionMask = 2147483647;
			files = (
				1E30E24226BBD20C00A00763 /* LaunchScreen.storyboard in Resources */,
				1EAD878B26C039BE007D0C27 /* Help.pdf in Resources */,
				1E30E23F26BBD20C00A00763 /* Assets.xcassets in Resources */,
				1E30E23D26BBD20400A00763 /* Main.storyboard in Resources */,
			);
			runOnlyForDeploymentPostprocessing = 0;
		};
/* End PBXResourcesBuildPhase section */

/* Begin PBXSourcesBuildPhase section */
		1E30E22E26BBD20400A00763 /* Sources */ = {
			isa = PBXSourcesBuildPhase;
			buildActionMask = 2147483647;
			files = (
				1E30E24E26BBDFE100A00763 /* LocationViewController.swift in Sources */,
				1E30E26526BBE0BA00A00763 /* DefaultCell.swift in Sources */,
				1E30E27826BC6C5100A00763 /* BookmarkCellViewModel.swift in Sources */,
				1E30E27126BC6B6B00A00763 /* DefaultCellViewModel.swift in Sources */,
				1E30E25A26BBE05400A00763 /* HomeViewModel.swift in Sources */,
				1E30E25126BBDFFB00A00763 /* WeatherViewController.swift in Sources */,
				1E30E23626BBD20400A00763 /* AppDelegate.swift in Sources */,
				1EAD877E26BE718B007D0C27 /* LocationService.swift in Sources */,
				1E30E26826BBE22F00A00763 /* Bookmark.swift in Sources */,
				1E30E25F26BBE06D00A00763 /* LocationViewModel.swift in Sources */,
				1E30E26E26BBFB4D00A00763 /* BookmarkManager.swift in Sources */,
				1EAD878726C037ED007D0C27 /* HelpViewController.swift in Sources */,
				1E30E26226BBE08500A00763 /* WeatherViewModel.swift in Sources */,
				1E30E27526BC6C2100A00763 /* BookmarkCell.swift in Sources */,
				1E30E23826BBD20400A00763 /* SceneDelegate.swift in Sources */,
				1EAD878326BE77D6007D0C27 /* WeatherModel.swift in Sources */,
				1E30E24B26BBDF9800A00763 /* HomeViewController.swift in Sources */,
			);
			runOnlyForDeploymentPostprocessing = 0;
		};
/* End PBXSourcesBuildPhase section */

/* Begin PBXVariantGroup section */
		1E30E23B26BBD20400A00763 /* Main.storyboard */ = {
			isa = PBXVariantGroup;
			children = (
				1E30E23C26BBD20400A00763 /* Base */,
			);
			name = Main.storyboard;
			sourceTree = "<group>";
		};
		1E30E24026BBD20C00A00763 /* LaunchScreen.storyboard */ = {
			isa = PBXVariantGroup;
			children = (
				1E30E24126BBD20C00A00763 /* Base */,
			);
			name = LaunchScreen.storyboard;
			sourceTree = "<group>";
		};
/* End PBXVariantGroup section */

/* Begin XCBuildConfiguration section */
		1E30E24426BBD20C00A00763 /* Debug */ = {
			isa = XCBuildConfiguration;
			buildSettings = {
				ALWAYS_SEARCH_USER_PATHS = NO;
				CLANG_ANALYZER_NONNULL = YES;
				CLANG_ANALYZER_NUMBER_OBJECT_CONVERSION = YES_AGGRESSIVE;
				CLANG_CXX_LANGUAGE_STANDARD = "gnu++14";
				CLANG_CXX_LIBRARY = "libc++";
				CLANG_ENABLE_MODULES = YES;
				CLANG_ENABLE_OBJC_ARC = YES;
				CLANG_ENABLE_OBJC_WEAK = YES;
				CLANG_WARN_BLOCK_CAPTURE_AUTORELEASING = YES;
				CLANG_WARN_BOOL_CONVERSION = YES;
				CLANG_WARN_COMMA = YES;
				CLANG_WARN_CONSTANT_CONVERSION = YES;
				CLANG_WARN_DEPRECATED_OBJC_IMPLEMENTATIONS = YES;
				CLANG_WARN_DIRECT_OBJC_ISA_USAGE = YES_ERROR;
				CLANG_WARN_DOCUMENTATION_COMMENTS = YES;
				CLANG_WARN_EMPTY_BODY = YES;
				CLANG_WARN_ENUM_CONVERSION = YES;
				CLANG_WARN_INFINITE_RECURSION = YES;
				CLANG_WARN_INT_CONVERSION = YES;
				CLANG_WARN_NON_LITERAL_NULL_CONVERSION = YES;
				CLANG_WARN_OBJC_IMPLICIT_RETAIN_SELF = YES;
				CLANG_WARN_OBJC_LITERAL_CONVERSION = YES;
				CLANG_WARN_OBJC_ROOT_CLASS = YES_ERROR;
				CLANG_WARN_QUOTED_INCLUDE_IN_FRAMEWORK_HEADER = YES;
				CLANG_WARN_RANGE_LOOP_ANALYSIS = YES;
				CLANG_WARN_STRICT_PROTOTYPES = YES;
				CLANG_WARN_SUSPICIOUS_MOVE = YES;
				CLANG_WARN_UNGUARDED_AVAILABILITY = YES_AGGRESSIVE;
				CLANG_WARN_UNREACHABLE_CODE = YES;
				CLANG_WARN__DUPLICATE_METHOD_MATCH = YES;
				COPY_PHASE_STRIP = NO;
				DEBUG_INFORMATION_FORMAT = dwarf;
				ENABLE_STRICT_OBJC_MSGSEND = YES;
				ENABLE_TESTABILITY = YES;
				GCC_C_LANGUAGE_STANDARD = gnu11;
				GCC_DYNAMIC_NO_PIC = NO;
				GCC_NO_COMMON_BLOCKS = YES;
				GCC_OPTIMIZATION_LEVEL = 0;
				GCC_PREPROCESSOR_DEFINITIONS = (
					"DEBUG=1",
					"$(inherited)",
				);
				GCC_WARN_64_TO_32_BIT_CONVERSION = YES;
				GCC_WARN_ABOUT_RETURN_TYPE = YES_ERROR;
				GCC_WARN_UNDECLARED_SELECTOR = YES;
				GCC_WARN_UNINITIALIZED_AUTOS = YES_AGGRESSIVE;
				GCC_WARN_UNUSED_FUNCTION = YES;
				GCC_WARN_UNUSED_VARIABLE = YES;
				IPHONEOS_DEPLOYMENT_TARGET = 14.4;
				MTL_ENABLE_DEBUG_INFO = INCLUDE_SOURCE;
				MTL_FAST_MATH = YES;
				ONLY_ACTIVE_ARCH = YES;
				SDKROOT = iphoneos;
				SWIFT_ACTIVE_COMPILATION_CONDITIONS = DEBUG;
				SWIFT_OPTIMIZATION_LEVEL = "-Onone";
			};
			name = Debug;
		};
		1E30E24526BBD20C00A00763 /* Release */ = {
			isa = XCBuildConfiguration;
			buildSettings = {
				ALWAYS_SEARCH_USER_PATHS = NO;
				CLANG_ANALYZER_NONNULL = YES;
				CLANG_ANALYZER_NUMBER_OBJECT_CONVERSION = YES_AGGRESSIVE;
				CLANG_CXX_LANGUAGE_STANDARD = "gnu++14";
				CLANG_CXX_LIBRARY = "libc++";
				CLANG_ENABLE_MODULES = YES;
				CLANG_ENABLE_OBJC_ARC = YES;
				CLANG_ENABLE_OBJC_WEAK = YES;
				CLANG_WARN_BLOCK_CAPTURE_AUTORELEASING = YES;
				CLANG_WARN_BOOL_CONVERSION = YES;
				CLANG_WARN_COMMA = YES;
				CLANG_WARN_CONSTANT_CONVERSION = YES;
				CLANG_WARN_DEPRECATED_OBJC_IMPLEMENTATIONS = YES;
				CLANG_WARN_DIRECT_OBJC_ISA_USAGE = YES_ERROR;
				CLANG_WARN_DOCUMENTATION_COMMENTS = YES;
				CLANG_WARN_EMPTY_BODY = YES;
				CLANG_WARN_ENUM_CONVERSION = YES;
				CLANG_WARN_INFINITE_RECURSION = YES;
				CLANG_WARN_INT_CONVERSION = YES;
				CLANG_WARN_NON_LITERAL_NULL_CONVERSION = YES;
				CLANG_WARN_OBJC_IMPLICIT_RETAIN_SELF = YES;
				CLANG_WARN_OBJC_LITERAL_CONVERSION = YES;
				CLANG_WARN_OBJC_ROOT_CLASS = YES_ERROR;
				CLANG_WARN_QUOTED_INCLUDE_IN_FRAMEWORK_HEADER = YES;
				CLANG_WARN_RANGE_LOOP_ANALYSIS = YES;
				CLANG_WARN_STRICT_PROTOTYPES = YES;
				CLANG_WARN_SUSPICIOUS_MOVE = YES;
				CLANG_WARN_UNGUARDED_AVAILABILITY = YES_AGGRESSIVE;
				CLANG_WARN_UNREACHABLE_CODE = YES;
				CLANG_WARN__DUPLICATE_METHOD_MATCH = YES;
				COPY_PHASE_STRIP = NO;
				DEBUG_INFORMATION_FORMAT = "dwarf-with-dsym";
				ENABLE_NS_ASSERTIONS = NO;
				ENABLE_STRICT_OBJC_MSGSEND = YES;
				GCC_C_LANGUAGE_STANDARD = gnu11;
				GCC_NO_COMMON_BLOCKS = YES;
				GCC_WARN_64_TO_32_BIT_CONVERSION = YES;
				GCC_WARN_ABOUT_RETURN_TYPE = YES_ERROR;
				GCC_WARN_UNDECLARED_SELECTOR = YES;
				GCC_WARN_UNINITIALIZED_AUTOS = YES_AGGRESSIVE;
				GCC_WARN_UNUSED_FUNCTION = YES;
				GCC_WARN_UNUSED_VARIABLE = YES;
				IPHONEOS_DEPLOYMENT_TARGET = 14.4;
				MTL_ENABLE_DEBUG_INFO = NO;
				MTL_FAST_MATH = YES;
				SDKROOT = iphoneos;
				SWIFT_COMPILATION_MODE = wholemodule;
				SWIFT_OPTIMIZATION_LEVEL = "-O";
				VALIDATE_PRODUCT = YES;
			};
			name = Release;
		};
		1E30E24726BBD20C00A00763 /* Debug */ = {
			isa = XCBuildConfiguration;
			buildSettings = {
				ASSETCATALOG_COMPILER_APPICON_NAME = AppIcon;
				ASSETCATALOG_COMPILER_GLOBAL_ACCENT_COLOR_NAME = AccentColor;
				CODE_SIGN_STYLE = Automatic;
				INFOPLIST_FILE = OpenWeatherDemo/Info.plist;
				LD_RUNPATH_SEARCH_PATHS = (
					"$(inherited)",
					"@executable_path/Frameworks",
				);
				PRODUCT_BUNDLE_IDENTIFIER = com.demo.OpenWeatherDemo;
				PRODUCT_NAME = "$(TARGET_NAME)";
				SWIFT_VERSION = 5.0;
				TARGETED_DEVICE_FAMILY = "1,2";
			};
			name = Debug;
		};
		1E30E24826BBD20C00A00763 /* Release */ = {
			isa = XCBuildConfiguration;
			buildSettings = {
				ASSETCATALOG_COMPILER_APPICON_NAME = AppIcon;
				ASSETCATALOG_COMPILER_GLOBAL_ACCENT_COLOR_NAME = AccentColor;
				CODE_SIGN_STYLE = Automatic;
				INFOPLIST_FILE = OpenWeatherDemo/Info.plist;
				LD_RUNPATH_SEARCH_PATHS = (
					"$(inherited)",
					"@executable_path/Frameworks",
				);
				PRODUCT_BUNDLE_IDENTIFIER = com.demo.OpenWeatherDemo;
				PRODUCT_NAME = "$(TARGET_NAME)";
				SWIFT_VERSION = 5.0;
				TARGETED_DEVICE_FAMILY = "1,2";
			};
			name = Release;
		};
/* End XCBuildConfiguration section */

/* Begin XCConfigurationList section */
		1E30E22D26BBD20400A00763 /* Build configuration list for PBXProject "OpenWeatherDemo" */ = {
			isa = XCConfigurationList;
			buildConfigurations = (
				1E30E24426BBD20C00A00763 /* Debug */,
				1E30E24526BBD20C00A00763 /* Release */,
			);
			defaultConfigurationIsVisible = 0;
			defaultConfigurationName = Release;
		};
		1E30E24626BBD20C00A00763 /* Build configuration list for PBXNativeTarget "OpenWeatherDemo" */ = {
			isa = XCConfigurationList;
			buildConfigurations = (
				1E30E24726BBD20C00A00763 /* Debug */,
				1E30E24826BBD20C00A00763 /* Release */,
			);
			defaultConfigurationIsVisible = 0;
			defaultConfigurationName = Release;
		};
/* End XCConfigurationList section */
	};
	rootObject = 1E30E22A26BBD20400A00763 /* Project object */;
}
